
Microsoft Visual Studio Solution File, Format Version 12.00
# Visual Studio 2012
Project("{FAE04EC0-301F-11D3-BF4B-00C04F79EFBC}") = "KhalDrogo", "KhalDrogo\KhalDrogo.csproj", "{CC23B947-CBAF-405F-ACCD-D7DF70817463}"
EndProject
Global
	GlobalSection(SolutionConfigurationPlatforms) = preSolution
		Debug|Any CPU = Debug|Any CPU
		Release|Any CPU = Release|Any CPU
	EndGlobalSection
	GlobalSection(ProjectConfigurationPlatforms) = postSolution
		{CC23B947-CBAF-405F-ACCD-D7DF70817463}.Debug|Any CPU.ActiveCfg = Debug|Any CPU
		{CC23B947-CBAF-405F-ACCD-D7DF70817463}.Debug|Any CPU.Build.0 = Debug|Any CPU
		{CC23B947-CBAF-405F-ACCD-D7DF70817463}.Release|Any CPU.ActiveCfg = Release|Any CPU
		{CC23B947-CBAF-405F-ACCD-D7DF70817463}.Release|Any CPU.Build.0 = Release|Any CPU
	EndGlobalSection
	GlobalSection(SolutionProperties) = preSolution
		HideSolutionNode = FALSE
	EndGlobalSection
EndGlobal
